
Microsoft Visual Studio Solution File, Format Version 12.00
# Visual Studio Version 17
VisualStudioVersion = 17.7.34031.279
MinimumVisualStudioVersion = 10.0.40219.1
Project("{FAE04EC0-301F-11D3-BF4B-00C04F79EFBC}") = "DelegateEventSample", "DelegateEventSample.csproj", "{B1C174F4-745C-4CA2-BCEB-6DFEB634393B}"
EndProject
Global
	GlobalSection(SolutionConfigurationPlatforms) = preSolution
		Debug|Any CPU = Debug|Any CPU
		Release|Any CPU = Release|Any CPU
	EndGlobalSection
	GlobalSection(ProjectConfigurationPlatforms) = postSolution
		{B1C174F4-745C-4CA2-BCEB-6DFEB634393B}.Debug|Any CPU.ActiveCfg = Debug|Any CPU
		{B1C174F4-745C-4CA2-BCEB-6DFEB634393B}.Debug|Any CPU.Build.0 = Debug|Any CPU
		{B1C174F4-745C-4CA2-BCEB-6DFEB634393B}.Release|Any CPU.ActiveCfg = Release|Any CPU
		{B1C174F4-745C-4CA2-BCEB-6DFEB634393B}.Release|Any CPU.Build.0 = Release|Any CPU
	EndGlobalSection
	GlobalSection(SolutionProperties) = preSolution
		HideSolutionNode = FALSE
	EndGlobalSection
	GlobalSection(ExtensibilityGlobals) = postSolution
		SolutionGuid = {A7D932FE-2535-412D-9F4B-A632AE40E9EC}
	EndGlobalSection
EndGlobal
