
Microsoft Visual Studio Solution File, Format Version 12.00
# Visual Studio Version 17
VisualStudioVersion = 17.7.34031.279
MinimumVisualStudioVersion = 10.0.40219.1
Project("{FAE04EC0-301F-11D3-BF4B-00C04F79EFBC}") = "GenericSortMethod", "GenericSortMethod.csproj", "{8F643F12-AD1B-453F-A3F4-094131A108FB}"
EndProject
Global
	GlobalSection(SolutionConfigurationPlatforms) = preSolution
		Debug|Any CPU = Debug|Any CPU
		Release|Any CPU = Release|Any CPU
	EndGlobalSection
	GlobalSection(ProjectConfigurationPlatforms) = postSolution
		{8F643F12-AD1B-453F-A3F4-094131A108FB}.Debug|Any CPU.ActiveCfg = Debug|Any CPU
		{8F643F12-AD1B-453F-A3F4-094131A108FB}.Debug|Any CPU.Build.0 = Debug|Any CPU
		{8F643F12-AD1B-453F-A3F4-094131A108FB}.Release|Any CPU.ActiveCfg = Release|Any CPU
		{8F643F12-AD1B-453F-A3F4-094131A108FB}.Release|Any CPU.Build.0 = Release|Any CPU
	EndGlobalSection
	GlobalSection(SolutionProperties) = preSolution
		HideSolutionNode = FALSE
	EndGlobalSection
	GlobalSection(ExtensibilityGlobals) = postSolution
		SolutionGuid = {76EB1287-B078-4991-BD4C-8FB502EF5328}
	EndGlobalSection
EndGlobal
